
Microsoft Visual Studio Solution File, Format Version 12.00
# Visual Studio Version 17
VisualStudioVersion = 17.11.35219.272
MinimumVisualStudioVersion = 10.0.40219.1
Project("{FAE04EC0-301F-11D3-BF4B-00C04F79EFBC}") = "WebApplication1", "WebApplication1\WebApplication1.csproj", "{98AF3A5B-9FF9-4C86-8D3E-516221D6B6F6}"
EndProject
Global
	GlobalSection(SolutionConfigurationPlatforms) = preSolution
		Debug|Any CPU = Debug|Any CPU
		Release|Any CPU = Release|Any CPU
	EndGlobalSection
	GlobalSection(ProjectConfigurationPlatforms) = postSolution
		{98AF3A5B-9FF9-4C86-8D3E-516221D6B6F6}.Debug|Any CPU.ActiveCfg = Debug|Any CPU
		{98AF3A5B-9FF9-4C86-8D3E-516221D6B6F6}.Debug|Any CPU.Build.0 = Debug|Any CPU
		{98AF3A5B-9FF9-4C86-8D3E-516221D6B6F6}.Release|Any CPU.ActiveCfg = Release|Any CPU
		{98AF3A5B-9FF9-4C86-8D3E-516221D6B6F6}.Release|Any CPU.Build.0 = Release|Any CPU
	EndGlobalSection
	GlobalSection(SolutionProperties) = preSolution
		HideSolutionNode = FALSE
	EndGlobalSection
	GlobalSection(ExtensibilityGlobals) = postSolution
		SolutionGuid = {7CEF3CE3-78EE-442C-BC29-BC9924A0D4A5}
	EndGlobalSection
EndGlobal
